
Microsoft Visual Studio Solution File, Format Version 12.00
# Visual Studio Version 16
VisualStudioVersion = 16.0.31025.194
MinimumVisualStudioVersion = 10.0.40219.1
Project("{FAE04EC0-301F-11D3-BF4B-00C04F79EFBC}") = "crud_basics", "crud_basics\crud_basics.csproj", "{19C3975C-EC99-4DCB-97DF-48B9F96F610F}"
EndProject
Global
	GlobalSection(SolutionConfigurationPlatforms) = preSolution
		Debug|Any CPU = Debug|Any CPU
		Release|Any CPU = Release|Any CPU
	EndGlobalSection
	GlobalSection(ProjectConfigurationPlatforms) = postSolution
		{19C3975C-EC99-4DCB-97DF-48B9F96F610F}.Debug|Any CPU.ActiveCfg = Debug|Any CPU
		{19C3975C-EC99-4DCB-97DF-48B9F96F610F}.Debug|Any CPU.Build.0 = Debug|Any CPU
		{19C3975C-EC99-4DCB-97DF-48B9F96F610F}.Release|Any CPU.ActiveCfg = Release|Any CPU
		{19C3975C-EC99-4DCB-97DF-48B9F96F610F}.Release|Any CPU.Build.0 = Release|Any CPU
	EndGlobalSection
	GlobalSection(SolutionProperties) = preSolution
		HideSolutionNode = FALSE
	EndGlobalSection
	GlobalSection(ExtensibilityGlobals) = postSolution
		SolutionGuid = {371692B9-8661-40B2-89B9-2EF120E83C2C}
	EndGlobalSection
EndGlobal
